
Microsoft Visual Studio Solution File, Format Version 12.00
# Visual Studio Version 17
VisualStudioVersion = 17.6.33801.468
MinimumVisualStudioVersion = 10.0.40219.1
Project("{FAE04EC0-301F-11D3-BF4B-00C04F79EFBC}") = "imgToTextApp", "imgToTextApp\imgToTextApp.csproj", "{C68C6630-7649-4445-B461-D0E0F41F02F5}"
EndProject
Global
	GlobalSection(SolutionConfigurationPlatforms) = preSolution
		Debug|Any CPU = Debug|Any CPU
		Release|Any CPU = Release|Any CPU
	EndGlobalSection
	GlobalSection(ProjectConfigurationPlatforms) = postSolution
		{C68C6630-7649-4445-B461-D0E0F41F02F5}.Debug|Any CPU.ActiveCfg = Debug|Any CPU
		{C68C6630-7649-4445-B461-D0E0F41F02F5}.Debug|Any CPU.Build.0 = Debug|Any CPU
		{C68C6630-7649-4445-B461-D0E0F41F02F5}.Release|Any CPU.ActiveCfg = Release|Any CPU
		{C68C6630-7649-4445-B461-D0E0F41F02F5}.Release|Any CPU.Build.0 = Release|Any CPU
	EndGlobalSection
	GlobalSection(SolutionProperties) = preSolution
		HideSolutionNode = FALSE
	EndGlobalSection
	GlobalSection(ExtensibilityGlobals) = postSolution
		SolutionGuid = {8F2E06FB-8EAA-44A5-8BE2-3563B26AD096}
	EndGlobalSection
EndGlobal
