
Microsoft Visual Studio Solution File, Format Version 12.00
# Visual Studio Version 17
VisualStudioVersion = 17.6.33801.468
MinimumVisualStudioVersion = 10.0.40219.1
Project("{54435603-DBB4-11D2-8724-00A0C9A8B90C}") = "Setup", "Setup\Setup.vdproj", "{57F49103-C38B-4780-BD5E-EC8BA1070874}"
EndProject
Global
	GlobalSection(SolutionConfigurationPlatforms) = preSolution
		Debug|Any CPU = Debug|Any CPU
		Release|Any CPU = Release|Any CPU
	EndGlobalSection
	GlobalSection(ProjectConfigurationPlatforms) = postSolution
		{57F49103-C38B-4780-BD5E-EC8BA1070874}.Debug|Any CPU.ActiveCfg = Debug
		{57F49103-C38B-4780-BD5E-EC8BA1070874}.Debug|Any CPU.Build.0 = Debug
		{57F49103-C38B-4780-BD5E-EC8BA1070874}.Release|Any CPU.ActiveCfg = Release
		{57F49103-C38B-4780-BD5E-EC8BA1070874}.Release|Any CPU.Build.0 = Release
	EndGlobalSection
	GlobalSection(SolutionProperties) = preSolution
		HideSolutionNode = FALSE
	EndGlobalSection
	GlobalSection(ExtensibilityGlobals) = postSolution
		SolutionGuid = {9121C3D2-D88C-426C-A743-789A58332D11}
	EndGlobalSection
EndGlobal
